// !$*UTF8*$!
{
	archiveVersion = 1;
	classes = {
	};
	objectVersion = 56;
	objects = {

/* Begin PBXBuildFile section */
		2B307AE02D64E70600BEAF3C /* NetworkConnectionManager.swift in Sources */ = {isa = PBXBuildFile; fileRef = 2B307ADF2D64E70600BEAF3C /* NetworkConnectionManager.swift */; };
		2B4431192D5E6EAD0080729F /* AppDelegate.swift in Sources */ = {isa = PBXBuildFile; fileRef = 2B4431182D5E6EAD0080729F /* AppDelegate.swift */; };
		2B44311B2D5E6EAD0080729F /* SceneDelegate.swift in Sources */ = {isa = PBXBuildFile; fileRef = 2B44311A2D5E6EAD0080729F /* SceneDelegate.swift */; };
		2B44311D2D5E6EAD0080729F /* ShipsListViewController.swift in Sources */ = {isa = PBXBuildFile; fileRef = 2B44311C2D5E6EAD0080729F /* ShipsListViewController.swift */; };
		2B4431232D5E6EAD0080729F /* SpaceShipsApp.xcdatamodeld in Sources */ = {isa = PBXBuildFile; fileRef = 2B4431212D5E6EAD0080729F /* SpaceShipsApp.xcdatamodeld */; };
		2B4431252D5E6EAE0080729F /* Assets.xcassets in Resources */ = {isa = PBXBuildFile; fileRef = 2B4431242D5E6EAE0080729F /* Assets.xcassets */; };
		2B4431282D5E6EAE0080729F /* Base in Resources */ = {isa = PBXBuildFile; fileRef = 2B4431272D5E6EAE0080729F /* Base */; };
		2B5181862D5F7D6F00E43348 /* CoreDataManager.swift in Sources */ = {isa = PBXBuildFile; fileRef = 2B5181852D5F7D6F00E43348 /* CoreDataManager.swift */; };
		2B5D7EE32D669A1A0055DE17 /* CDUser+CoreDataProperties.swift in Sources */ = {isa = PBXBuildFile; fileRef = 2B5D7EE22D669A190055DE17 /* CDUser+CoreDataProperties.swift */; };
		2B5D7EE42D669A1A0055DE17 /* CDUser+CoreDataClass.swift in Sources */ = {isa = PBXBuildFile; fileRef = 2B5D7EE12D669A190055DE17 /* CDUser+CoreDataClass.swift */; };
		2B5D7EE72D679E520055DE17 /* BannerVeiw.swift in Sources */ = {isa = PBXBuildFile; fileRef = 2B5D7EE62D679E520055DE17 /* BannerVeiw.swift */; };
		2B5D7EE92D7115C30055DE17 /* Ship.swift in Sources */ = {isa = PBXBuildFile; fileRef = 2B5D7EE82D7115C30055DE17 /* Ship.swift */; };
		2B5D7EEB2D711D0E0055DE17 /* ShipMapper.swift in Sources */ = {isa = PBXBuildFile; fileRef = 2B5D7EEA2D711D0E0055DE17 /* ShipMapper.swift */; };
		2B5D7EEE2D71F38B0055DE17 /* ShipDetailRow.swift in Sources */ = {isa = PBXBuildFile; fileRef = 2B5D7EED2D71F38B0055DE17 /* ShipDetailRow.swift */; };
		2B5D7EF02D732C7D0055DE17 /* UserStatusManager.swift in Sources */ = {isa = PBXBuildFile; fileRef = 2B5D7EEF2D732C7D0055DE17 /* UserStatusManager.swift */; };
		2B962EAD2D5F86820030CC74 /* CDShip+CoreDataClass.swift in Sources */ = {isa = PBXBuildFile; fileRef = 2B962EAB2D5F86820030CC74 /* CDShip+CoreDataClass.swift */; };
		2B962EAE2D5F86820030CC74 /* CDShip+CoreDataProperties.swift in Sources */ = {isa = PBXBuildFile; fileRef = 2B962EAC2D5F86820030CC74 /* CDShip+CoreDataProperties.swift */; };
		2B962EB22D60D3AE0030CC74 /* ShipDetailsViewController.swift in Sources */ = {isa = PBXBuildFile; fileRef = 2B962EB12D60D3AE0030CC74 /* ShipDetailsViewController.swift */; };
		2B962EB42D60E25C0030CC74 /* ShipDetailsViewModel.swift in Sources */ = {isa = PBXBuildFile; fileRef = 2B962EB32D60E25C0030CC74 /* ShipDetailsViewModel.swift */; };
		2B962EB62D60F1C00030CC74 /* ShipDetailsTableViewCell.swift in Sources */ = {isa = PBXBuildFile; fileRef = 2B962EB52D60F1C00030CC74 /* ShipDetailsTableViewCell.swift */; };
		2B962EB92D62299D0030CC74 /* LoginViewController.swift in Sources */ = {isa = PBXBuildFile; fileRef = 2B962EB82D62299D0030CC74 /* LoginViewController.swift */; };
		2B962EBB2D624A540030CC74 /* LoginViewModel.swift in Sources */ = {isa = PBXBuildFile; fileRef = 2B962EBA2D624A540030CC74 /* LoginViewModel.swift */; };
		2B962EBD2D627F060030CC74 /* KeychainManager.swift in Sources */ = {isa = PBXBuildFile; fileRef = 2B962EBC2D627F060030CC74 /* KeychainManager.swift */; };
		2BD238EB2D5E85520000C250 /* NetworkingManager.swift in Sources */ = {isa = PBXBuildFile; fileRef = 2BD238EA2D5E85520000C250 /* NetworkingManager.swift */; };
		2BD238EF2D5E8D680000C250 /* ShipsListViewModel.swift in Sources */ = {isa = PBXBuildFile; fileRef = 2BD238EE2D5E8D680000C250 /* ShipsListViewModel.swift */; };
		2BD238F52D5E99CC0000C250 /* ShipTableViewCell.swift in Sources */ = {isa = PBXBuildFile; fileRef = 2BD238F42D5E99CC0000C250 /* ShipTableViewCell.swift */; };
		77869C8566CC105104E56B72 /* libPods-SpaceShipsApp.a in Frameworks */ = {isa = PBXBuildFile; fileRef = 9DA7639CAABAF5C5B4BC0B7B /* libPods-SpaceShipsApp.a */; };
/* End PBXBuildFile section */

/* Begin PBXFileReference section */
		2B307ADF2D64E70600BEAF3C /* NetworkConnectionManager.swift */ = {isa = PBXFileReference; lastKnownFileType = sourcecode.swift; path = NetworkConnectionManager.swift; sourceTree = "<group>"; };
		2B4431152D5E6EAD0080729F /* SpaceShipsApp.app */ = {isa = PBXFileReference; explicitFileType = wrapper.application; includeInIndex = 0; path = SpaceShipsApp.app; sourceTree = BUILT_PRODUCTS_DIR; };
		2B4431182D5E6EAD0080729F /* AppDelegate.swift */ = {isa = PBXFileReference; lastKnownFileType = sourcecode.swift; path = AppDelegate.swift; sourceTree = "<group>"; };
		2B44311A2D5E6EAD0080729F /* SceneDelegate.swift */ = {isa = PBXFileReference; lastKnownFileType = sourcecode.swift; path = SceneDelegate.swift; sourceTree = "<group>"; };
		2B44311C2D5E6EAD0080729F /* ShipsListViewController.swift */ = {isa = PBXFileReference; lastKnownFileType = sourcecode.swift; path = ShipsListViewController.swift; sourceTree = "<group>"; };
		2B4431222D5E6EAD0080729F /* SpaceShipsApp.xcdatamodel */ = {isa = PBXFileReference; lastKnownFileType = wrapper.xcdatamodel; path = SpaceShipsApp.xcdatamodel; sourceTree = "<group>"; };
		2B4431242D5E6EAE0080729F /* Assets.xcassets */ = {isa = PBXFileReference; lastKnownFileType = folder.assetcatalog; path = Assets.xcassets; sourceTree = "<group>"; };
		2B4431272D5E6EAE0080729F /* Base */ = {isa = PBXFileReference; lastKnownFileType = file.storyboard; name = Base; path = Base.lproj/LaunchScreen.storyboard; sourceTree = "<group>"; };
		2B4431292D5E6EAE0080729F /* Info.plist */ = {isa = PBXFileReference; lastKnownFileType = text.plist.xml; path = Info.plist; sourceTree = "<group>"; };
		2B5181852D5F7D6F00E43348 /* CoreDataManager.swift */ = {isa = PBXFileReference; lastKnownFileType = sourcecode.swift; path = CoreDataManager.swift; sourceTree = "<group>"; };
		2B5D7EE12D669A190055DE17 /* CDUser+CoreDataClass.swift */ = {isa = PBXFileReference; lastKnownFileType = sourcecode.swift; name = "CDUser+CoreDataClass.swift"; path = "/Users/uladzislau/Swift/SpaceShipsApp/SpaceShipsApp/CoreDataModel/CDUser+CoreDataClass.swift"; sourceTree = "<absolute>"; };
		2B5D7EE22D669A190055DE17 /* CDUser+CoreDataProperties.swift */ = {isa = PBXFileReference; lastKnownFileType = sourcecode.swift; name = "CDUser+CoreDataProperties.swift"; path = "/Users/uladzislau/Swift/SpaceShipsApp/SpaceShipsApp/CoreDataModel/CDUser+CoreDataProperties.swift"; sourceTree = "<absolute>"; };
		2B5D7EE62D679E520055DE17 /* BannerVeiw.swift */ = {isa = PBXFileReference; lastKnownFileType = sourcecode.swift; path = BannerVeiw.swift; sourceTree = "<group>"; };
		2B5D7EE82D7115C30055DE17 /* Ship.swift */ = {isa = PBXFileReference; lastKnownFileType = sourcecode.swift; path = Ship.swift; sourceTree = "<group>"; };
		2B5D7EEA2D711D0E0055DE17 /* ShipMapper.swift */ = {isa = PBXFileReference; lastKnownFileType = sourcecode.swift; path = ShipMapper.swift; sourceTree = "<group>"; };
		2B5D7EED2D71F38B0055DE17 /* ShipDetailRow.swift */ = {isa = PBXFileReference; lastKnownFileType = sourcecode.swift; path = ShipDetailRow.swift; sourceTree = "<group>"; };
		2B5D7EEF2D732C7D0055DE17 /* UserStatusManager.swift */ = {isa = PBXFileReference; lastKnownFileType = sourcecode.swift; path = UserStatusManager.swift; sourceTree = "<group>"; };
		2B962EAB2D5F86820030CC74 /* CDShip+CoreDataClass.swift */ = {isa = PBXFileReference; fileEncoding = 4; lastKnownFileType = sourcecode.swift; path = "CDShip+CoreDataClass.swift"; sourceTree = "<group>"; };
		2B962EAC2D5F86820030CC74 /* CDShip+CoreDataProperties.swift */ = {isa = PBXFileReference; fileEncoding = 4; lastKnownFileType = sourcecode.swift; path = "CDShip+CoreDataProperties.swift"; sourceTree = "<group>"; };
		2B962EB12D60D3AE0030CC74 /* ShipDetailsViewController.swift */ = {isa = PBXFileReference; lastKnownFileType = sourcecode.swift; path = ShipDetailsViewController.swift; sourceTree = "<group>"; };
		2B962EB32D60E25C0030CC74 /* ShipDetailsViewModel.swift */ = {isa = PBXFileReference; lastKnownFileType = sourcecode.swift; path = ShipDetailsViewModel.swift; sourceTree = "<group>"; };
		2B962EB52D60F1C00030CC74 /* ShipDetailsTableViewCell.swift */ = {isa = PBXFileReference; lastKnownFileType = sourcecode.swift; path = ShipDetailsTableViewCell.swift; sourceTree = "<group>"; };
		2B962EB82D62299D0030CC74 /* LoginViewController.swift */ = {isa = PBXFileReference; lastKnownFileType = sourcecode.swift; path = LoginViewController.swift; sourceTree = "<group>"; };
		2B962EBA2D624A540030CC74 /* LoginViewModel.swift */ = {isa = PBXFileReference; lastKnownFileType = sourcecode.swift; path = LoginViewModel.swift; sourceTree = "<group>"; };
		2B962EBC2D627F060030CC74 /* KeychainManager.swift */ = {isa = PBXFileReference; lastKnownFileType = sourcecode.swift; path = KeychainManager.swift; sourceTree = "<group>"; };
		2BD238EA2D5E85520000C250 /* NetworkingManager.swift */ = {isa = PBXFileReference; lastKnownFileType = sourcecode.swift; path = NetworkingManager.swift; sourceTree = "<group>"; };
		2BD238EE2D5E8D680000C250 /* ShipsListViewModel.swift */ = {isa = PBXFileReference; lastKnownFileType = sourcecode.swift; path = ShipsListViewModel.swift; sourceTree = "<group>"; };
		2BD238F42D5E99CC0000C250 /* ShipTableViewCell.swift */ = {isa = PBXFileReference; lastKnownFileType = sourcecode.swift; path = ShipTableViewCell.swift; sourceTree = "<group>"; };
		31A689A4E174EC0561B70D7C /* Pods-SpaceShipsApp.debug.xcconfig */ = {isa = PBXFileReference; includeInIndex = 1; lastKnownFileType = text.xcconfig; name = "Pods-SpaceShipsApp.debug.xcconfig"; path = "Target Support Files/Pods-SpaceShipsApp/Pods-SpaceShipsApp.debug.xcconfig"; sourceTree = "<group>"; };
		5625B3E85895E693475672E5 /* Pods-SpaceShipsApp.release.xcconfig */ = {isa = PBXFileReference; includeInIndex = 1; lastKnownFileType = text.xcconfig; name = "Pods-SpaceShipsApp.release.xcconfig"; path = "Target Support Files/Pods-SpaceShipsApp/Pods-SpaceShipsApp.release.xcconfig"; sourceTree = "<group>"; };
		9DA7639CAABAF5C5B4BC0B7B /* libPods-SpaceShipsApp.a */ = {isa = PBXFileReference; explicitFileType = archive.ar; includeInIndex = 0; path = "libPods-SpaceShipsApp.a"; sourceTree = BUILT_PRODUCTS_DIR; };
/* End PBXFileReference section */

/* Begin PBXFrameworksBuildPhase section */
		2B4431122D5E6EAD0080729F /* Frameworks */ = {
			isa = PBXFrameworksBuildPhase;
			buildActionMask = 2147483647;
			files = (
				77869C8566CC105104E56B72 /* libPods-SpaceShipsApp.a in Frameworks */,
			);
			runOnlyForDeploymentPostprocessing = 0;
		};
/* End PBXFrameworksBuildPhase section */

/* Begin PBXGroup section */
		2B44310C2D5E6EAD0080729F = {
			isa = PBXGroup;
			children = (
				2B962EAF2D5F86B40030CC74 /* CoreDataModel */,
				2B4431172D5E6EAD0080729F /* SpaceShipsApp */,
				2B4431162D5E6EAD0080729F /* Products */,
				99864CE52FB5A775B4E18FCB /* Pods */,
				D99C63E637B6B97D215DD38C /* Frameworks */,
			);
			sourceTree = "<group>";
		};
		2B4431162D5E6EAD0080729F /* Products */ = {
			isa = PBXGroup;
			children = (
				2B4431152D5E6EAD0080729F /* SpaceShipsApp.app */,
			);
			name = Products;
			sourceTree = "<group>";
		};
		2B4431172D5E6EAD0080729F /* SpaceShipsApp */ = {
			isa = PBXGroup;
			children = (
				2B5D7EEC2D71EC210055DE17 /* Models */,
				2B5D7EE52D679E3A0055DE17 /* Views */,
				2BD238FC2D5F76670000C250 /* Application */,
				2BD238F82D5F75BE0000C250 /* Modules */,
				2BD238FB2D5F764D0000C250 /* Helpers */,
				2B4431242D5E6EAE0080729F /* Assets.xcassets */,
				2B4431262D5E6EAE0080729F /* LaunchScreen.storyboard */,
				2B4431292D5E6EAE0080729F /* Info.plist */,
				2B4431212D5E6EAD0080729F /* SpaceShipsApp.xcdatamodeld */,
			);
			path = SpaceShipsApp;
			sourceTree = "<group>";
		};
		2B5D7EE52D679E3A0055DE17 /* Views */ = {
			isa = PBXGroup;
			children = (
				2B5D7EE62D679E520055DE17 /* BannerVeiw.swift */,
			);
			path = Views;
			sourceTree = "<group>";
		};
		2B5D7EEC2D71EC210055DE17 /* Models */ = {
			isa = PBXGroup;
			children = (
				2B5D7EE82D7115C30055DE17 /* Ship.swift */,
				2B5D7EED2D71F38B0055DE17 /* ShipDetailRow.swift */,
			);
			path = Models;
			sourceTree = "<group>";
		};
		2B962EAF2D5F86B40030CC74 /* CoreDataModel */ = {
			isa = PBXGroup;
			children = (
				2B5D7EE12D669A190055DE17 /* CDUser+CoreDataClass.swift */,
				2B5D7EE22D669A190055DE17 /* CDUser+CoreDataProperties.swift */,
				2B962EAB2D5F86820030CC74 /* CDShip+CoreDataClass.swift */,
				2B962EAC2D5F86820030CC74 /* CDShip+CoreDataProperties.swift */,
			);
			path = CoreDataModel;
			sourceTree = "<group>";
		};
		2B962EB02D60D3730030CC74 /* ShipDetails */ = {
			isa = PBXGroup;
			children = (
				2B962EB12D60D3AE0030CC74 /* ShipDetailsViewController.swift */,
				2B962EB52D60F1C00030CC74 /* ShipDetailsTableViewCell.swift */,
				2B962EB32D60E25C0030CC74 /* ShipDetailsViewModel.swift */,
			);
			path = ShipDetails;
			sourceTree = "<group>";
		};
		2B962EB72D62297F0030CC74 /* Login */ = {
			isa = PBXGroup;
			children = (
				2B962EB82D62299D0030CC74 /* LoginViewController.swift */,
				2B962EBA2D624A540030CC74 /* LoginViewModel.swift */,
			);
			path = Login;
			sourceTree = "<group>";
		};
		2BD238F82D5F75BE0000C250 /* Modules */ = {
			isa = PBXGroup;
			children = (
				2B962EB72D62297F0030CC74 /* Login */,
				2B962EB02D60D3730030CC74 /* ShipDetails */,
				2BD238F92D5F75DE0000C250 /* ShipsList */,
			);
			path = Modules;
			sourceTree = "<group>";
		};
		2BD238F92D5F75DE0000C250 /* ShipsList */ = {
			isa = PBXGroup;
			children = (
				2BD238F42D5E99CC0000C250 /* ShipTableViewCell.swift */,
				2B44311C2D5E6EAD0080729F /* ShipsListViewController.swift */,
				2BD238EE2D5E8D680000C250 /* ShipsListViewModel.swift */,
			);
			path = ShipsList;
			sourceTree = "<group>";
		};
		2BD238FB2D5F764D0000C250 /* Helpers */ = {
			isa = PBXGroup;
			children = (
				2BD238EA2D5E85520000C250 /* NetworkingManager.swift */,
				2B5181852D5F7D6F00E43348 /* CoreDataManager.swift */,
				2B962EBC2D627F060030CC74 /* KeychainManager.swift */,
				2B307ADF2D64E70600BEAF3C /* NetworkConnectionManager.swift */,
				2B5D7EEA2D711D0E0055DE17 /* ShipMapper.swift */,
				2B5D7EEF2D732C7D0055DE17 /* UserStatusManager.swift */,
			);
			path = Helpers;
			sourceTree = "<group>";
		};
		2BD238FC2D5F76670000C250 /* Application */ = {
			isa = PBXGroup;
			children = (
				2B4431182D5E6EAD0080729F /* AppDelegate.swift */,
				2B44311A2D5E6EAD0080729F /* SceneDelegate.swift */,
			);
			path = Application;
			sourceTree = "<group>";
		};
		99864CE52FB5A775B4E18FCB /* Pods */ = {
			isa = PBXGroup;
			children = (
				31A689A4E174EC0561B70D7C /* Pods-SpaceShipsApp.debug.xcconfig */,
				5625B3E85895E693475672E5 /* Pods-SpaceShipsApp.release.xcconfig */,
			);
			path = Pods;
			sourceTree = "<group>";
		};
		D99C63E637B6B97D215DD38C /* Frameworks */ = {
			isa = PBXGroup;
			children = (
				9DA7639CAABAF5C5B4BC0B7B /* libPods-SpaceShipsApp.a */,
			);
			name = Frameworks;
			sourceTree = "<group>";
		};
/* End PBXGroup section */

/* Begin PBXNativeTarget section */
		2B4431142D5E6EAD0080729F /* SpaceShipsApp */ = {
			isa = PBXNativeTarget;
			buildConfigurationList = 2B44312C2D5E6EAE0080729F /* Build configuration list for PBXNativeTarget "SpaceShipsApp" */;
			buildPhases = (
				D19310AB82D2A336A50ED976 /* [CP] Check Pods Manifest.lock */,
				2B4431112D5E6EAD0080729F /* Sources */,
				2B4431122D5E6EAD0080729F /* Frameworks */,
				2B4431132D5E6EAD0080729F /* Resources */,
				D3CE67ABDF5CBC7C243D36E3 /* [CP] Copy Pods Resources */,
			);
			buildRules = (
			);
			dependencies = (
			);
			name = SpaceShipsApp;
			productName = SpaceShipsApp;
			productReference = 2B4431152D5E6EAD0080729F /* SpaceShipsApp.app */;
			productType = "com.apple.product-type.application";
		};
/* End PBXNativeTarget section */

/* Begin PBXProject section */
		2B44310D2D5E6EAD0080729F /* Project object */ = {
			isa = PBXProject;
			attributes = {
				BuildIndependentTargetsInParallel = 1;
				LastSwiftUpdateCheck = 1540;
				LastUpgradeCheck = 1540;
				TargetAttributes = {
					2B4431142D5E6EAD0080729F = {
						CreatedOnToolsVersion = 15.4;
					};
				};
			};
			buildConfigurationList = 2B4431102D5E6EAD0080729F /* Build configuration list for PBXProject "SpaceShipsApp" */;
			compatibilityVersion = "Xcode 14.0";
			developmentRegion = en;
			hasScannedForEncodings = 0;
			knownRegions = (
				en,
				Base,
			);
			mainGroup = 2B44310C2D5E6EAD0080729F;
			productRefGroup = 2B4431162D5E6EAD0080729F /* Products */;
			projectDirPath = "";
			projectRoot = "";
			targets = (
				2B4431142D5E6EAD0080729F /* SpaceShipsApp */,
			);
		};
/* End PBXProject section */

/* Begin PBXResourcesBuildPhase section */
		2B4431132D5E6EAD0080729F /* Resources */ = {
			isa = PBXResourcesBuildPhase;
			buildActionMask = 2147483647;
			files = (
				2B4431252D5E6EAE0080729F /* Assets.xcassets in Resources */,
				2B4431282D5E6EAE0080729F /* Base in Resources */,
			);
			runOnlyForDeploymentPostprocessing = 0;
		};
/* End PBXResourcesBuildPhase section */

/* Begin PBXShellScriptBuildPhase section */
		D19310AB82D2A336A50ED976 /* [CP] Check Pods Manifest.lock */ = {
			isa = PBXShellScriptBuildPhase;
			buildActionMask = 2147483647;
			files = (
			);
			inputFileListPaths = (
			);
			inputPaths = (
				"${PODS_PODFILE_DIR_PATH}/Podfile.lock",
				"${PODS_ROOT}/Manifest.lock",
			);
			name = "[CP] Check Pods Manifest.lock";
			outputFileListPaths = (
			);
			outputPaths = (
				"$(DERIVED_FILE_DIR)/Pods-SpaceShipsApp-checkManifestLockResult.txt",
			);
			runOnlyForDeploymentPostprocessing = 0;
			shellPath = /bin/sh;
			shellScript = "diff \"${PODS_PODFILE_DIR_PATH}/Podfile.lock\" \"${PODS_ROOT}/Manifest.lock\" > /dev/null\nif [ $? != 0 ] ; then\n    # print error to STDERR\n    echo \"error: The sandbox is not in sync with the Podfile.lock. Run 'pod install' or update your CocoaPods installation.\" >&2\n    exit 1\nfi\n# This output is used by Xcode 'outputs' to avoid re-running this script phase.\necho \"SUCCESS\" > \"${SCRIPT_OUTPUT_FILE_0}\"\n";
			showEnvVarsInLog = 0;
		};
		D3CE67ABDF5CBC7C243D36E3 /* [CP] Copy Pods Resources */ = {
			isa = PBXShellScriptBuildPhase;
			buildActionMask = 2147483647;
			files = (
			);
			inputFileListPaths = (
				"${PODS_ROOT}/Target Support Files/Pods-SpaceShipsApp/Pods-SpaceShipsApp-resources-${CONFIGURATION}-input-files.xcfilelist",
			);
			name = "[CP] Copy Pods Resources";
			outputFileListPaths = (
				"${PODS_ROOT}/Target Support Files/Pods-SpaceShipsApp/Pods-SpaceShipsApp-resources-${CONFIGURATION}-output-files.xcfilelist",
			);
			runOnlyForDeploymentPostprocessing = 0;
			shellPath = /bin/sh;
			shellScript = "\"${PODS_ROOT}/Target Support Files/Pods-SpaceShipsApp/Pods-SpaceShipsApp-resources.sh\"\n";
			showEnvVarsInLog = 0;
		};
/* End PBXShellScriptBuildPhase section */

/* Begin PBXSourcesBuildPhase section */
		2B4431112D5E6EAD0080729F /* Sources */ = {
			isa = PBXSourcesBuildPhase;
			buildActionMask = 2147483647;
			files = (
				2B5D7EF02D732C7D0055DE17 /* UserStatusManager.swift in Sources */,
				2B307AE02D64E70600BEAF3C /* NetworkConnectionManager.swift in Sources */,
				2B962EB92D62299D0030CC74 /* LoginViewController.swift in Sources */,
				2B5D7EEB2D711D0E0055DE17 /* ShipMapper.swift in Sources */,
				2B44311D2D5E6EAD0080729F /* ShipsListViewController.swift in Sources */,
				2B5D7EEE2D71F38B0055DE17 /* ShipDetailRow.swift in Sources */,
				2BD238F52D5E99CC0000C250 /* ShipTableViewCell.swift in Sources */,
				2B962EAD2D5F86820030CC74 /* CDShip+CoreDataClass.swift in Sources */,
				2B962EB42D60E25C0030CC74 /* ShipDetailsViewModel.swift in Sources */,
				2B4431192D5E6EAD0080729F /* AppDelegate.swift in Sources */,
				2BD238EB2D5E85520000C250 /* NetworkingManager.swift in Sources */,
				2B962EBD2D627F060030CC74 /* KeychainManager.swift in Sources */,
				2B5D7EE32D669A1A0055DE17 /* CDUser+CoreDataProperties.swift in Sources */,
				2B962EB62D60F1C00030CC74 /* ShipDetailsTableViewCell.swift in Sources */,
				2B962EBB2D624A540030CC74 /* LoginViewModel.swift in Sources */,
				2B962EAE2D5F86820030CC74 /* CDShip+CoreDataProperties.swift in Sources */,
				2BD238EF2D5E8D680000C250 /* ShipsListViewModel.swift in Sources */,
				2B5D7EE42D669A1A0055DE17 /* CDUser+CoreDataClass.swift in Sources */,
				2B4431232D5E6EAD0080729F /* SpaceShipsApp.xcdatamodeld in Sources */,
				2B44311B2D5E6EAD0080729F /* SceneDelegate.swift in Sources */,
				2B5181862D5F7D6F00E43348 /* CoreDataManager.swift in Sources */,
				2B5D7EE72D679E520055DE17 /* BannerVeiw.swift in Sources */,
				2B5D7EE92D7115C30055DE17 /* Ship.swift in Sources */,
				2B962EB22D60D3AE0030CC74 /* ShipDetailsViewController.swift in Sources */,
			);
			runOnlyForDeploymentPostprocessing = 0;
		};
/* End PBXSourcesBuildPhase section */

/* Begin PBXVariantGroup section */
		2B4431262D5E6EAE0080729F /* LaunchScreen.storyboard */ = {
			isa = PBXVariantGroup;
			children = (
				2B4431272D5E6EAE0080729F /* Base */,
			);
			name = LaunchScreen.storyboard;
			sourceTree = "<group>";
		};
/* End PBXVariantGroup section */

/* Begin XCBuildConfiguration section */
		2B44312A2D5E6EAE0080729F /* Debug */ = {
			isa = XCBuildConfiguration;
			buildSettings = {
				ALWAYS_SEARCH_USER_PATHS = NO;
				ASSETCATALOG_COMPILER_GENERATE_SWIFT_ASSET_SYMBOL_EXTENSIONS = YES;
				CLANG_ANALYZER_NONNULL = YES;
				CLANG_ANALYZER_NUMBER_OBJECT_CONVERSION = YES_AGGRESSIVE;
				CLANG_CXX_LANGUAGE_STANDARD = "gnu++20";
				CLANG_ENABLE_MODULES = YES;
				CLANG_ENABLE_OBJC_ARC = YES;
				CLANG_ENABLE_OBJC_WEAK = YES;
				CLANG_WARN_BLOCK_CAPTURE_AUTORELEASING = YES;
				CLANG_WARN_BOOL_CONVERSION = YES;
				CLANG_WARN_COMMA = YES;
				CLANG_WARN_CONSTANT_CONVERSION = YES;
				CLANG_WARN_DEPRECATED_OBJC_IMPLEMENTATIONS = YES;
				CLANG_WARN_DIRECT_OBJC_ISA_USAGE = YES_ERROR;
				CLANG_WARN_DOCUMENTATION_COMMENTS = YES;
				CLANG_WARN_EMPTY_BODY = YES;
				CLANG_WARN_ENUM_CONVERSION = YES;
				CLANG_WARN_INFINITE_RECURSION = YES;
				CLANG_WARN_INT_CONVERSION = YES;
				CLANG_WARN_NON_LITERAL_NULL_CONVERSION = YES;
				CLANG_WARN_OBJC_IMPLICIT_RETAIN_SELF = YES;
				CLANG_WARN_OBJC_LITERAL_CONVERSION = YES;
				CLANG_WARN_OBJC_ROOT_CLASS = YES_ERROR;
				CLANG_WARN_QUOTED_INCLUDE_IN_FRAMEWORK_HEADER = YES;
				CLANG_WARN_RANGE_LOOP_ANALYSIS = YES;
				CLANG_WARN_STRICT_PROTOTYPES = YES;
				CLANG_WARN_SUSPICIOUS_MOVE = YES;
				CLANG_WARN_UNGUARDED_AVAILABILITY = YES_AGGRESSIVE;
				CLANG_WARN_UNREACHABLE_CODE = YES;
				CLANG_WARN__DUPLICATE_METHOD_MATCH = YES;
				COPY_PHASE_STRIP = NO;
				DEBUG_INFORMATION_FORMAT = dwarf;
				ENABLE_STRICT_OBJC_MSGSEND = YES;
				ENABLE_TESTABILITY = YES;
				ENABLE_USER_SCRIPT_SANDBOXING = NO;
				GCC_C_LANGUAGE_STANDARD = gnu17;
				GCC_DYNAMIC_NO_PIC = NO;
				GCC_NO_COMMON_BLOCKS = YES;
				GCC_OPTIMIZATION_LEVEL = 0;
				GCC_PREPROCESSOR_DEFINITIONS = (
					"DEBUG=1",
					"$(inherited)",
				);
				GCC_WARN_64_TO_32_BIT_CONVERSION = YES;
				GCC_WARN_ABOUT_RETURN_TYPE = YES_ERROR;
				GCC_WARN_UNDECLARED_SELECTOR = YES;
				GCC_WARN_UNINITIALIZED_AUTOS = YES_AGGRESSIVE;
				GCC_WARN_UNUSED_FUNCTION = YES;
				GCC_WARN_UNUSED_VARIABLE = YES;
				IPHONEOS_DEPLOYMENT_TARGET = 17.5;
				LOCALIZATION_PREFERS_STRING_CATALOGS = YES;
				MTL_ENABLE_DEBUG_INFO = INCLUDE_SOURCE;
				MTL_FAST_MATH = YES;
				ONLY_ACTIVE_ARCH = YES;
				SDKROOT = iphoneos;
				SWIFT_ACTIVE_COMPILATION_CONDITIONS = "DEBUG $(inherited)";
				SWIFT_OPTIMIZATION_LEVEL = "-Onone";
			};
			name = Debug;
		};
		2B44312B2D5E6EAE0080729F /* Release */ = {
			isa = XCBuildConfiguration;
			buildSettings = {
				ALWAYS_SEARCH_USER_PATHS = NO;
				ASSETCATALOG_COMPILER_GENERATE_SWIFT_ASSET_SYMBOL_EXTENSIONS = YES;
				CLANG_ANALYZER_NONNULL = YES;
				CLANG_ANALYZER_NUMBER_OBJECT_CONVERSION = YES_AGGRESSIVE;
				CLANG_CXX_LANGUAGE_STANDARD = "gnu++20";
				CLANG_ENABLE_MODULES = YES;
				CLANG_ENABLE_OBJC_ARC = YES;
				CLANG_ENABLE_OBJC_WEAK = YES;
				CLANG_WARN_BLOCK_CAPTURE_AUTORELEASING = YES;
				CLANG_WARN_BOOL_CONVERSION = YES;
				CLANG_WARN_COMMA = YES;
				CLANG_WARN_CONSTANT_CONVERSION = YES;
				CLANG_WARN_DEPRECATED_OBJC_IMPLEMENTATIONS = YES;
				CLANG_WARN_DIRECT_OBJC_ISA_USAGE = YES_ERROR;
				CLANG_WARN_DOCUMENTATION_COMMENTS = YES;
				CLANG_WARN_EMPTY_BODY = YES;
				CLANG_WARN_ENUM_CONVERSION = YES;
				CLANG_WARN_INFINITE_RECURSION = YES;
				CLANG_WARN_INT_CONVERSION = YES;
				CLANG_WARN_NON_LITERAL_NULL_CONVERSION = YES;
				CLANG_WARN_OBJC_IMPLICIT_RETAIN_SELF = YES;
				CLANG_WARN_OBJC_LITERAL_CONVERSION = YES;
				CLANG_WARN_OBJC_ROOT_CLASS = YES_ERROR;
				CLANG_WARN_QUOTED_INCLUDE_IN_FRAMEWORK_HEADER = YES;
				CLANG_WARN_RANGE_LOOP_ANALYSIS = YES;
				CLANG_WARN_STRICT_PROTOTYPES = YES;
				CLANG_WARN_SUSPICIOUS_MOVE = YES;
				CLANG_WARN_UNGUARDED_AVAILABILITY = YES_AGGRESSIVE;
				CLANG_WARN_UNREACHABLE_CODE = YES;
				CLANG_WARN__DUPLICATE_METHOD_MATCH = YES;
				COPY_PHASE_STRIP = NO;
				DEBUG_INFORMATION_FORMAT = "dwarf-with-dsym";
				ENABLE_NS_ASSERTIONS = NO;
				ENABLE_STRICT_OBJC_MSGSEND = YES;
				ENABLE_USER_SCRIPT_SANDBOXING = NO;
				GCC_C_LANGUAGE_STANDARD = gnu17;
				GCC_NO_COMMON_BLOCKS = YES;
				GCC_WARN_64_TO_32_BIT_CONVERSION = YES;
				GCC_WARN_ABOUT_RETURN_TYPE = YES_ERROR;
				GCC_WARN_UNDECLARED_SELECTOR = YES;
				GCC_WARN_UNINITIALIZED_AUTOS = YES_AGGRESSIVE;
				GCC_WARN_UNUSED_FUNCTION = YES;
				GCC_WARN_UNUSED_VARIABLE = YES;
				IPHONEOS_DEPLOYMENT_TARGET = 17.5;
				LOCALIZATION_PREFERS_STRING_CATALOGS = YES;
				MTL_ENABLE_DEBUG_INFO = NO;
				MTL_FAST_MATH = YES;
				SDKROOT = iphoneos;
				SWIFT_COMPILATION_MODE = wholemodule;
				VALIDATE_PRODUCT = YES;
			};
			name = Release;
		};
		2B44312D2D5E6EAE0080729F /* Debug */ = {
			isa = XCBuildConfiguration;
			baseConfigurationReference = 31A689A4E174EC0561B70D7C /* Pods-SpaceShipsApp.debug.xcconfig */;
			buildSettings = {
				ASSETCATALOG_COMPILER_APPICON_NAME = AppIcon;
				ASSETCATALOG_COMPILER_GLOBAL_ACCENT_COLOR_NAME = AccentColor;
				CODE_SIGN_STYLE = Automatic;
				CURRENT_PROJECT_VERSION = 1;
				ENABLE_USER_SCRIPT_SANDBOXING = NO;
				GENERATE_INFOPLIST_FILE = YES;
				INFOPLIST_FILE = SpaceShipsApp/Info.plist;
				INFOPLIST_KEY_UIApplicationSupportsIndirectInputEvents = YES;
				INFOPLIST_KEY_UILaunchStoryboardName = LaunchScreen;
				INFOPLIST_KEY_UIMainStoryboardFile = "";
				INFOPLIST_KEY_UISupportedInterfaceOrientations_iPad = "UIInterfaceOrientationPortrait UIInterfaceOrientationPortraitUpsideDown UIInterfaceOrientationLandscapeLeft UIInterfaceOrientationLandscapeRight";
				INFOPLIST_KEY_UISupportedInterfaceOrientations_iPhone = "UIInterfaceOrientationPortrait UIInterfaceOrientationLandscapeLeft UIInterfaceOrientationLandscapeRight";
				IPHONEOS_DEPLOYMENT_TARGET = 15.0;
				LD_RUNPATH_SEARCH_PATHS = (
					"$(inherited)",
					"@executable_path/Frameworks",
				);
				MARKETING_VERSION = 1.0;
				PRODUCT_BUNDLE_IDENTIFIER = "-2.SpaceShipsApp";
				PRODUCT_NAME = "$(TARGET_NAME)";
				SWIFT_EMIT_LOC_STRINGS = YES;
				SWIFT_VERSION = 5.0;
				TARGETED_DEVICE_FAMILY = "1,2";
			};
			name = Debug;
		};
		2B44312E2D5E6EAE0080729F /* Release */ = {
			isa = XCBuildConfiguration;
			baseConfigurationReference = 5625B3E85895E693475672E5 /* Pods-SpaceShipsApp.release.xcconfig */;
			buildSettings = {
				ASSETCATALOG_COMPILER_APPICON_NAME = AppIcon;
				ASSETCATALOG_COMPILER_GLOBAL_ACCENT_COLOR_NAME = AccentColor;
				CODE_SIGN_STYLE = Automatic;
				CURRENT_PROJECT_VERSION = 1;
				ENABLE_USER_SCRIPT_SANDBOXING = NO;
				GENERATE_INFOPLIST_FILE = YES;
				INFOPLIST_FILE = SpaceShipsApp/Info.plist;
				INFOPLIST_KEY_UIApplicationSupportsIndirectInputEvents = YES;
				INFOPLIST_KEY_UILaunchStoryboardName = LaunchScreen;
				INFOPLIST_KEY_UIMainStoryboardFile = "";
				INFOPLIST_KEY_UISupportedInterfaceOrientations_iPad = "UIInterfaceOrientationPortrait UIInterfaceOrientationPortraitUpsideDown UIInterfaceOrientationLandscapeLeft UIInterfaceOrientationLandscapeRight";
				INFOPLIST_KEY_UISupportedInterfaceOrientations_iPhone = "UIInterfaceOrientationPortrait UIInterfaceOrientationLandscapeLeft UIInterfaceOrientationLandscapeRight";
				IPHONEOS_DEPLOYMENT_TARGET = 15.0;
				LD_RUNPATH_SEARCH_PATHS = (
					"$(inherited)",
					"@executable_path/Frameworks",
				);
				MARKETING_VERSION = 1.0;
				PRODUCT_BUNDLE_IDENTIFIER = "-2.SpaceShipsApp";
				PRODUCT_NAME = "$(TARGET_NAME)";
				SWIFT_EMIT_LOC_STRINGS = YES;
				SWIFT_VERSION = 5.0;
				TARGETED_DEVICE_FAMILY = "1,2";
			};
			name = Release;
		};
/* End XCBuildConfiguration section */

/* Begin XCConfigurationList section */
		2B4431102D5E6EAD0080729F /* Build configuration list for PBXProject "SpaceShipsApp" */ = {
			isa = XCConfigurationList;
			buildConfigurations = (
				2B44312A2D5E6EAE0080729F /* Debug */,
				2B44312B2D5E6EAE0080729F /* Release */,
			);
			defaultConfigurationIsVisible = 0;
			defaultConfigurationName = Release;
		};
		2B44312C2D5E6EAE0080729F /* Build configuration list for PBXNativeTarget "SpaceShipsApp" */ = {
			isa = XCConfigurationList;
			buildConfigurations = (
				2B44312D2D5E6EAE0080729F /* Debug */,
				2B44312E2D5E6EAE0080729F /* Release */,
			);
			defaultConfigurationIsVisible = 0;
			defaultConfigurationName = Release;
		};
/* End XCConfigurationList section */

/* Begin XCVersionGroup section */
		2B4431212D5E6EAD0080729F /* SpaceShipsApp.xcdatamodeld */ = {
			isa = XCVersionGroup;
			children = (
				2B4431222D5E6EAD0080729F /* SpaceShipsApp.xcdatamodel */,
			);
			currentVersion = 2B4431222D5E6EAD0080729F /* SpaceShipsApp.xcdatamodel */;
			path = SpaceShipsApp.xcdatamodeld;
			sourceTree = "<group>";
			versionGroupType = wrapper.xcdatamodel;
		};
/* End XCVersionGroup section */
	};
	rootObject = 2B44310D2D5E6EAD0080729F /* Project object */;
}
