PODS:
  - Differentiator (5.0.0)
  - RxCocoa (6.8.0):
    - RxRelay (= 6.8.0)
    - RxSwift (= 6.8.0)
  - RxDataSources (5.0.0):
    - Differentiator (~> 5.0)
    - RxCocoa (~> 6.0)
    - RxSwift (~> 6.0)
  - RxRelay (6.8.0):
    - RxSwift (= 6.8.0)
  - RxSwift (6.8.0)

DEPENDENCIES:
  - RxCocoa (= 6.8.0)
  - RxDataSources (~> 5.0)
  - RxSwift (= 6.8.0)

SPEC REPOS:
  trunk:
    - Differentiator
    - RxCocoa
    - RxDataSources
    - RxRelay
    - RxSwift

SPEC CHECKSUMS:
  Differentiator: e8497ceab83c1b10ca233716d547b9af21b9344d
  RxCocoa: 2d33c1e1e5d66492052ad46b11024ae287572880
  RxDataSources: aa47cc1ed6c500fa0dfecac5c979b723542d79cf
  RxRelay: 335c78b926a2aea8d863a6d25f1ed3b5ad8e8705
  RxSwift: 4e28be97cbcfeee614af26d83415febbf2bf6f45

PODFILE CHECKSUM: d6cf17117f43311f3f682e3be60e977a8511e197

COCOAPODS: 1.12.1
